
Microsoft Visual Studio Solution File, Format Version 11.00
# Visual Studio 2010
# SharpDevelop 4.4
Project("{FD48973F-F585-4F70-812B-4D0503B36CE9}") = "aboutme", "aboutme\aboutme.pyproj", "{061B9BE8-87C3-4257-BA3B-D0B289E48D32}"
EndProject
Global
	GlobalSection(SolutionConfigurationPlatforms) = preSolution
		Debug|Any CPU = Debug|Any CPU
		Release|Any CPU = Release|Any CPU
	EndGlobalSection
	GlobalSection(ProjectConfigurationPlatforms) = postSolution
		{061B9BE8-87C3-4257-BA3B-D0B289E48D32}.Debug|Any CPU.Build.0 = Debug|Any CPU
		{061B9BE8-87C3-4257-BA3B-D0B289E48D32}.Debug|Any CPU.ActiveCfg = Debug|Any CPU
		{061B9BE8-87C3-4257-BA3B-D0B289E48D32}.Release|Any CPU.Build.0 = Release|Any CPU
		{061B9BE8-87C3-4257-BA3B-D0B289E48D32}.Release|Any CPU.ActiveCfg = Release|Any CPU
	EndGlobalSection
EndGlobal
